
Microsoft Visual Studio Solution File, Format Version 12.00
# Visual Studio Version 17
VisualStudioVersion = 17.0.31912.275
MinimumVisualStudioVersion = 10.0.40219.1
Project("{FAE04EC0-301F-11D3-BF4B-00C04F79EFBC}") = "AutenticationApi", "AutenticationApi\AutenticationApi.csproj", "{83FE468A-2696-44C0-8E4C-4F8215682493}"
EndProject
Global
	GlobalSection(SolutionConfigurationPlatforms) = preSolution
		Debug|Any CPU = Debug|Any CPU
		Release|Any CPU = Release|Any CPU
	EndGlobalSection
	GlobalSection(ProjectConfigurationPlatforms) = postSolution
		{83FE468A-2696-44C0-8E4C-4F8215682493}.Debug|Any CPU.ActiveCfg = Debug|Any CPU
		{83FE468A-2696-44C0-8E4C-4F8215682493}.Debug|Any CPU.Build.0 = Debug|Any CPU
		{83FE468A-2696-44C0-8E4C-4F8215682493}.Release|Any CPU.ActiveCfg = Release|Any CPU
		{83FE468A-2696-44C0-8E4C-4F8215682493}.Release|Any CPU.Build.0 = Release|Any CPU
	EndGlobalSection
	GlobalSection(SolutionProperties) = preSolution
		HideSolutionNode = FALSE
	EndGlobalSection
	GlobalSection(ExtensibilityGlobals) = postSolution
		SolutionGuid = {76366FF9-3B08-427C-B26F-43EAB0EA8D9B}
	EndGlobalSection
EndGlobal
